// !$*UTF8*$!
{
	archiveVersion = 1;
	classes = {
	};
	objectVersion = 56;
	objects = {

/* Begin PBXBuildFile section */
		564316C22A0EAFF800C6BA8F /* Time_oClockApp.swift in Sources */ = {isa = PBXBuildFile; fileRef = 564316C12A0EAFF800C6BA8F /* Time_oClockApp.swift */; };
		564316C42A0EAFF800C6BA8F /* ContentView.swift in Sources */ = {isa = PBXBuildFile; fileRef = 564316C32A0EAFF800C6BA8F /* ContentView.swift */; };
		564316C62A0EAFFB00C6BA8F /* Assets.xcassets in Resources */ = {isa = PBXBuildFile; fileRef = 564316C52A0EAFFB00C6BA8F /* Assets.xcassets */; };
		564316C92A0EAFFB00C6BA8F /* Preview Assets.xcassets in Resources */ = {isa = PBXBuildFile; fileRef = 564316C82A0EAFFB00C6BA8F /* Preview Assets.xcassets */; };
		564316D32A0EAFFC00C6BA8F /* Time_oClockTests.swift in Sources */ = {isa = PBXBuildFile; fileRef = 564316D22A0EAFFC00C6BA8F /* Time_oClockTests.swift */; };
		564316DD2A0EAFFC00C6BA8F /* Time_oClockUITests.swift in Sources */ = {isa = PBXBuildFile; fileRef = 564316DC2A0EAFFC00C6BA8F /* Time_oClockUITests.swift */; };
		564316DF2A0EAFFC00C6BA8F /* Time_oClockUITestsLaunchTests.swift in Sources */ = {isa = PBXBuildFile; fileRef = 564316DE2A0EAFFC00C6BA8F /* Time_oClockUITestsLaunchTests.swift */; };
/* End PBXBuildFile section */

/* Begin PBXContainerItemProxy section */
		564316CF2A0EAFFC00C6BA8F /* PBXContainerItemProxy */ = {
			isa = PBXContainerItemProxy;
			containerPortal = 564316B62A0EAFF800C6BA8F /* Project object */;
			proxyType = 1;
			remoteGlobalIDString = 564316BD2A0EAFF800C6BA8F;
			remoteInfo = Time_oClock;
		};
		564316D92A0EAFFC00C6BA8F /* PBXContainerItemProxy */ = {
			isa = PBXContainerItemProxy;
			containerPortal = 564316B62A0EAFF800C6BA8F /* Project object */;
			proxyType = 1;
			remoteGlobalIDString = 564316BD2A0EAFF800C6BA8F;
			remoteInfo = Time_oClock;
		};
/* End PBXContainerItemProxy section */

/* Begin PBXFileReference section */
		564316BE2A0EAFF800C6BA8F /* Time_oClock.app */ = {isa = PBXFileReference; explicitFileType = wrapper.application; includeInIndex = 0; path = Time_oClock.app; sourceTree = BUILT_PRODUCTS_DIR; };
		564316C12A0EAFF800C6BA8F /* Time_oClockApp.swift */ = {isa = PBXFileReference; lastKnownFileType = sourcecode.swift; path = Time_oClockApp.swift; sourceTree = "<group>"; };
		564316C32A0EAFF800C6BA8F /* ContentView.swift */ = {isa = PBXFileReference; lastKnownFileType = sourcecode.swift; path = ContentView.swift; sourceTree = "<group>"; };
		564316C52A0EAFFB00C6BA8F /* Assets.xcassets */ = {isa = PBXFileReference; lastKnownFileType = folder.assetcatalog; path = Assets.xcassets; sourceTree = "<group>"; };
		564316C82A0EAFFB00C6BA8F /* Preview Assets.xcassets */ = {isa = PBXFileReference; lastKnownFileType = folder.assetcatalog; path = "Preview Assets.xcassets"; sourceTree = "<group>"; };
		564316CE2A0EAFFC00C6BA8F /* Time_oClockTests.xctest */ = {isa = PBXFileReference; explicitFileType = wrapper.cfbundle; includeInIndex = 0; path = Time_oClockTests.xctest; sourceTree = BUILT_PRODUCTS_DIR; };
		564316D22A0EAFFC00C6BA8F /* Time_oClockTests.swift */ = {isa = PBXFileReference; lastKnownFileType = sourcecode.swift; path = Time_oClockTests.swift; sourceTree = "<group>"; };
		564316D82A0EAFFC00C6BA8F /* Time_oClockUITests.xctest */ = {isa = PBXFileReference; explicitFileType = wrapper.cfbundle; includeInIndex = 0; path = Time_oClockUITests.xctest; sourceTree = BUILT_PRODUCTS_DIR; };
		564316DC2A0EAFFC00C6BA8F /* Time_oClockUITests.swift */ = {isa = PBXFileReference; lastKnownFileType = sourcecode.swift; path = Time_oClockUITests.swift; sourceTree = "<group>"; };
		564316DE2A0EAFFC00C6BA8F /* Time_oClockUITestsLaunchTests.swift */ = {isa = PBXFileReference; lastKnownFileType = sourcecode.swift; path = Time_oClockUITestsLaunchTests.swift; sourceTree = "<group>"; };
/* End PBXFileReference section */

/* Begin PBXFrameworksBuildPhase section */
		564316BB2A0EAFF800C6BA8F /* Frameworks */ = {
			isa = PBXFrameworksBuildPhase;
			buildActionMask = 2147483647;
			files = (
			);
			runOnlyForDeploymentPostprocessing = 0;
		};
		564316CB2A0EAFFC00C6BA8F /* Frameworks */ = {
			isa = PBXFrameworksBuildPhase;
			buildActionMask = 2147483647;
			files = (
			);
			runOnlyForDeploymentPostprocessing = 0;
		};
		564316D52A0EAFFC00C6BA8F /* Frameworks */ = {
			isa = PBXFrameworksBuildPhase;
			buildActionMask = 2147483647;
			files = (
			);
			runOnlyForDeploymentPostprocessing = 0;
		};
/* End PBXFrameworksBuildPhase section */

/* Begin PBXGroup section */
		564316B52A0EAFF800C6BA8F = {
			isa = PBXGroup;
			children = (
				564316C02A0EAFF800C6BA8F /* Time_oClock */,
				564316D12A0EAFFC00C6BA8F /* Time_oClockTests */,
				564316DB2A0EAFFC00C6BA8F /* Time_oClockUITests */,
				564316BF2A0EAFF800C6BA8F /* Products */,
			);
			sourceTree = "<group>";
		};
		564316BF2A0EAFF800C6BA8F /* Products */ = {
			isa = PBXGroup;
			children = (
				564316BE2A0EAFF800C6BA8F /* Time_oClock.app */,
				564316CE2A0EAFFC00C6BA8F /* Time_oClockTests.xctest */,
				564316D82A0EAFFC00C6BA8F /* Time_oClockUITests.xctest */,
			);
			name = Products;
			sourceTree = "<group>";
		};
		564316C02A0EAFF800C6BA8F /* Time_oClock */ = {
			isa = PBXGroup;
			children = (
				564316C12A0EAFF800C6BA8F /* Time_oClockApp.swift */,
				564316C32A0EAFF800C6BA8F /* ContentView.swift */,
				564316C52A0EAFFB00C6BA8F /* Assets.xcassets */,
				564316C72A0EAFFB00C6BA8F /* Preview Content */,
			);
			path = Time_oClock;
			sourceTree = "<group>";
		};
		564316C72A0EAFFB00C6BA8F /* Preview Content */ = {
			isa = PBXGroup;
			children = (
				564316C82A0EAFFB00C6BA8F /* Preview Assets.xcassets */,
			);
			path = "Preview Content";
			sourceTree = "<group>";
		};
		564316D12A0EAFFC00C6BA8F /* Time_oClockTests */ = {
			isa = PBXGroup;
			children = (
				564316D22A0EAFFC00C6BA8F /* Time_oClockTests.swift */,
			);
			path = Time_oClockTests;
			sourceTree = "<group>";
		};
		564316DB2A0EAFFC00C6BA8F /* Time_oClockUITests */ = {
			isa = PBXGroup;
			children = (
				564316DC2A0EAFFC00C6BA8F /* Time_oClockUITests.swift */,
				564316DE2A0EAFFC00C6BA8F /* Time_oClockUITestsLaunchTests.swift */,
			);
			path = Time_oClockUITests;
			sourceTree = "<group>";
		};
/* End PBXGroup section */

/* Begin PBXNativeTarget section */
		564316BD2A0EAFF800C6BA8F /* Time_oClock */ = {
			isa = PBXNativeTarget;
			buildConfigurationList = 564316E22A0EAFFC00C6BA8F /* Build configuration list for PBXNativeTarget "Time_oClock" */;
			buildPhases = (
				564316BA2A0EAFF800C6BA8F /* Sources */,
				564316BB2A0EAFF800C6BA8F /* Frameworks */,
				564316BC2A0EAFF800C6BA8F /* Resources */,
			);
			buildRules = (
			);
			dependencies = (
			);
			name = Time_oClock;
			productName = Time_oClock;
			productReference = 564316BE2A0EAFF800C6BA8F /* Time_oClock.app */;
			productType = "com.apple.product-type.application";
		};
		564316CD2A0EAFFC00C6BA8F /* Time_oClockTests */ = {
			isa = PBXNativeTarget;
			buildConfigurationList = 564316E52A0EAFFC00C6BA8F /* Build configuration list for PBXNativeTarget "Time_oClockTests" */;
			buildPhases = (
				564316CA2A0EAFFC00C6BA8F /* Sources */,
				564316CB2A0EAFFC00C6BA8F /* Frameworks */,
				564316CC2A0EAFFC00C6BA8F /* Resources */,
			);
			buildRules = (
			);
			dependencies = (
				564316D02A0EAFFC00C6BA8F /* PBXTargetDependency */,
			);
			name = Time_oClockTests;
			productName = Time_oClockTests;
			productReference = 564316CE2A0EAFFC00C6BA8F /* Time_oClockTests.xctest */;
			productType = "com.apple.product-type.bundle.unit-test";
		};
		564316D72A0EAFFC00C6BA8F /* Time_oClockUITests */ = {
			isa = PBXNativeTarget;
			buildConfigurationList = 564316E82A0EAFFC00C6BA8F /* Build configuration list for PBXNativeTarget "Time_oClockUITests" */;
			buildPhases = (
				564316D42A0EAFFC00C6BA8F /* Sources */,
				564316D52A0EAFFC00C6BA8F /* Frameworks */,
				564316D62A0EAFFC00C6BA8F /* Resources */,
			);
			buildRules = (
			);
			dependencies = (
				564316DA2A0EAFFC00C6BA8F /* PBXTargetDependency */,
			);
			name = Time_oClockUITests;
			productName = Time_oClockUITests;
			productReference = 564316D82A0EAFFC00C6BA8F /* Time_oClockUITests.xctest */;
			productType = "com.apple.product-type.bundle.ui-testing";
		};
/* End PBXNativeTarget section */

/* Begin PBXProject section */
		564316B62A0EAFF800C6BA8F /* Project object */ = {
			isa = PBXProject;
			attributes = {
				BuildIndependentTargetsInParallel = 1;
				LastSwiftUpdateCheck = 1430;
				LastUpgradeCheck = 1430;
				TargetAttributes = {
					564316BD2A0EAFF800C6BA8F = {
						CreatedOnToolsVersion = 14.3;
					};
					564316CD2A0EAFFC00C6BA8F = {
						CreatedOnToolsVersion = 14.3;
						TestTargetID = 564316BD2A0EAFF800C6BA8F;
					};
					564316D72A0EAFFC00C6BA8F = {
						CreatedOnToolsVersion = 14.3;
						TestTargetID = 564316BD2A0EAFF800C6BA8F;
					};
				};
			};
			buildConfigurationList = 564316B92A0EAFF800C6BA8F /* Build configuration list for PBXProject "Time_oClock" */;
			compatibilityVersion = "Xcode 14.0";
			developmentRegion = en;
			hasScannedForEncodings = 0;
			knownRegions = (
				en,
				Base,
			);
			mainGroup = 564316B52A0EAFF800C6BA8F;
			productRefGroup = 564316BF2A0EAFF800C6BA8F /* Products */;
			projectDirPath = "";
			projectRoot = "";
			targets = (
				564316BD2A0EAFF800C6BA8F /* Time_oClock */,
				564316CD2A0EAFFC00C6BA8F /* Time_oClockTests */,
				564316D72A0EAFFC00C6BA8F /* Time_oClockUITests */,
			);
		};
/* End PBXProject section */

/* Begin PBXResourcesBuildPhase section */
		564316BC2A0EAFF800C6BA8F /* Resources */ = {
			isa = PBXResourcesBuildPhase;
			buildActionMask = 2147483647;
			files = (
				564316C92A0EAFFB00C6BA8F /* Preview Assets.xcassets in Resources */,
				564316C62A0EAFFB00C6BA8F /* Assets.xcassets in Resources */,
			);
			runOnlyForDeploymentPostprocessing = 0;
		};
		564316CC2A0EAFFC00C6BA8F /* Resources */ = {
			isa = PBXResourcesBuildPhase;
			buildActionMask = 2147483647;
			files = (
			);
			runOnlyForDeploymentPostprocessing = 0;
		};
		564316D62A0EAFFC00C6BA8F /* Resources */ = {
			isa = PBXResourcesBuildPhase;
			buildActionMask = 2147483647;
			files = (
			);
			runOnlyForDeploymentPostprocessing = 0;
		};
/* End PBXResourcesBuildPhase section */

/* Begin PBXSourcesBuildPhase section */
		564316BA2A0EAFF800C6BA8F /* Sources */ = {
			isa = PBXSourcesBuildPhase;
			buildActionMask = 2147483647;
			files = (
				564316C42A0EAFF800C6BA8F /* ContentView.swift in Sources */,
				564316C22A0EAFF800C6BA8F /* Time_oClockApp.swift in Sources */,
			);
			runOnlyForDeploymentPostprocessing = 0;
		};
		564316CA2A0EAFFC00C6BA8F /* Sources */ = {
			isa = PBXSourcesBuildPhase;
			buildActionMask = 2147483647;
			files = (
				564316D32A0EAFFC00C6BA8F /* Time_oClockTests.swift in Sources */,
			);
			runOnlyForDeploymentPostprocessing = 0;
		};
		564316D42A0EAFFC00C6BA8F /* Sources */ = {
			isa = PBXSourcesBuildPhase;
			buildActionMask = 2147483647;
			files = (
				564316DF2A0EAFFC00C6BA8F /* Time_oClockUITestsLaunchTests.swift in Sources */,
				564316DD2A0EAFFC00C6BA8F /* Time_oClockUITests.swift in Sources */,
			);
			runOnlyForDeploymentPostprocessing = 0;
		};
/* End PBXSourcesBuildPhase section */

/* Begin PBXTargetDependency section */
		564316D02A0EAFFC00C6BA8F /* PBXTargetDependency */ = {
			isa = PBXTargetDependency;
			target = 564316BD2A0EAFF800C6BA8F /* Time_oClock */;
			targetProxy = 564316CF2A0EAFFC00C6BA8F /* PBXContainerItemProxy */;
		};
		564316DA2A0EAFFC00C6BA8F /* PBXTargetDependency */ = {
			isa = PBXTargetDependency;
			target = 564316BD2A0EAFF800C6BA8F /* Time_oClock */;
			targetProxy = 564316D92A0EAFFC00C6BA8F /* PBXContainerItemProxy */;
		};
/* End PBXTargetDependency section */

/* Begin XCBuildConfiguration section */
		564316E02A0EAFFC00C6BA8F /* Debug */ = {
			isa = XCBuildConfiguration;
			buildSettings = {
				ALWAYS_SEARCH_USER_PATHS = NO;
				CLANG_ANALYZER_NONNULL = YES;
				CLANG_ANALYZER_NUMBER_OBJECT_CONVERSION = YES_AGGRESSIVE;
				CLANG_CXX_LANGUAGE_STANDARD = "gnu++20";
				CLANG_ENABLE_MODULES = YES;
				CLANG_ENABLE_OBJC_ARC = YES;
				CLANG_ENABLE_OBJC_WEAK = YES;
				CLANG_WARN_BLOCK_CAPTURE_AUTORELEASING = YES;
				CLANG_WARN_BOOL_CONVERSION = YES;
				CLANG_WARN_COMMA = YES;
				CLANG_WARN_CONSTANT_CONVERSION = YES;
				CLANG_WARN_DEPRECATED_OBJC_IMPLEMENTATIONS = YES;
				CLANG_WARN_DIRECT_OBJC_ISA_USAGE = YES_ERROR;
				CLANG_WARN_DOCUMENTATION_COMMENTS = YES;
				CLANG_WARN_EMPTY_BODY = YES;
				CLANG_WARN_ENUM_CONVERSION = YES;
				CLANG_WARN_INFINITE_RECURSION = YES;
				CLANG_WARN_INT_CONVERSION = YES;
				CLANG_WARN_NON_LITERAL_NULL_CONVERSION = YES;
				CLANG_WARN_OBJC_IMPLICIT_RETAIN_SELF = YES;
				CLANG_WARN_OBJC_LITERAL_CONVERSION = YES;
				CLANG_WARN_OBJC_ROOT_CLASS = YES_ERROR;
				CLANG_WARN_QUOTED_INCLUDE_IN_FRAMEWORK_HEADER = YES;
				CLANG_WARN_RANGE_LOOP_ANALYSIS = YES;
				CLANG_WARN_STRICT_PROTOTYPES = YES;
				CLANG_WARN_SUSPICIOUS_MOVE = YES;
				CLANG_WARN_UNGUARDED_AVAILABILITY = YES_AGGRESSIVE;
				CLANG_WARN_UNREACHABLE_CODE = YES;
				CLANG_WARN__DUPLICATE_METHOD_MATCH = YES;
				COPY_PHASE_STRIP = NO;
				DEBUG_INFORMATION_FORMAT = dwarf;
				ENABLE_STRICT_OBJC_MSGSEND = YES;
				ENABLE_TESTABILITY = YES;
				GCC_C_LANGUAGE_STANDARD = gnu11;
				GCC_DYNAMIC_NO_PIC = NO;
				GCC_NO_COMMON_BLOCKS = YES;
				GCC_OPTIMIZATION_LEVEL = 0;
				GCC_PREPROCESSOR_DEFINITIONS = (
					"DEBUG=1",
					"$(inherited)",
				);
				GCC_WARN_64_TO_32_BIT_CONVERSION = YES;
				GCC_WARN_ABOUT_RETURN_TYPE = YES_ERROR;
				GCC_WARN_UNDECLARED_SELECTOR = YES;
				GCC_WARN_UNINITIALIZED_AUTOS = YES_AGGRESSIVE;
				GCC_WARN_UNUSED_FUNCTION = YES;
				GCC_WARN_UNUSED_VARIABLE = YES;
				IPHONEOS_DEPLOYMENT_TARGET = 16.4;
				MTL_ENABLE_DEBUG_INFO = INCLUDE_SOURCE;
				MTL_FAST_MATH = YES;
				ONLY_ACTIVE_ARCH = YES;
				SDKROOT = iphoneos;
				SWIFT_ACTIVE_COMPILATION_CONDITIONS = DEBUG;
				SWIFT_OPTIMIZATION_LEVEL = "-Onone";
			};
			name = Debug;
		};
		564316E12A0EAFFC00C6BA8F /* Release */ = {
			isa = XCBuildConfiguration;
			buildSettings = {
				ALWAYS_SEARCH_USER_PATHS = NO;
				CLANG_ANALYZER_NONNULL = YES;
				CLANG_ANALYZER_NUMBER_OBJECT_CONVERSION = YES_AGGRESSIVE;
				CLANG_CXX_LANGUAGE_STANDARD = "gnu++20";
				CLANG_ENABLE_MODULES = YES;
				CLANG_ENABLE_OBJC_ARC = YES;
				CLANG_ENABLE_OBJC_WEAK = YES;
				CLANG_WARN_BLOCK_CAPTURE_AUTORELEASING = YES;
				CLANG_WARN_BOOL_CONVERSION = YES;
				CLANG_WARN_COMMA = YES;
				CLANG_WARN_CONSTANT_CONVERSION = YES;
				CLANG_WARN_DEPRECATED_OBJC_IMPLEMENTATIONS = YES;
				CLANG_WARN_DIRECT_OBJC_ISA_USAGE = YES_ERROR;
				CLANG_WARN_DOCUMENTATION_COMMENTS = YES;
				CLANG_WARN_EMPTY_BODY = YES;
				CLANG_WARN_ENUM_CONVERSION = YES;
				CLANG_WARN_INFINITE_RECURSION = YES;
				CLANG_WARN_INT_CONVERSION = YES;
				CLANG_WARN_NON_LITERAL_NULL_CONVERSION = YES;
				CLANG_WARN_OBJC_IMPLICIT_RETAIN_SELF = YES;
				CLANG_WARN_OBJC_LITERAL_CONVERSION = YES;
				CLANG_WARN_OBJC_ROOT_CLASS = YES_ERROR;
				CLANG_WARN_QUOTED_INCLUDE_IN_FRAMEWORK_HEADER = YES;
				CLANG_WARN_RANGE_LOOP_ANALYSIS = YES;
				CLANG_WARN_STRICT_PROTOTYPES = YES;
				CLANG_WARN_SUSPICIOUS_MOVE = YES;
				CLANG_WARN_UNGUARDED_AVAILABILITY = YES_AGGRESSIVE;
				CLANG_WARN_UNREACHABLE_CODE = YES;
				CLANG_WARN__DUPLICATE_METHOD_MATCH = YES;
				COPY_PHASE_STRIP = NO;
				DEBUG_INFORMATION_FORMAT = "dwarf-with-dsym";
				ENABLE_NS_ASSERTIONS = NO;
				ENABLE_STRICT_OBJC_MSGSEND = YES;
				GCC_C_LANGUAGE_STANDARD = gnu11;
				GCC_NO_COMMON_BLOCKS = YES;
				GCC_WARN_64_TO_32_BIT_CONVERSION = YES;
				GCC_WARN_ABOUT_RETURN_TYPE = YES_ERROR;
				GCC_WARN_UNDECLARED_SELECTOR = YES;
				GCC_WARN_UNINITIALIZED_AUTOS = YES_AGGRESSIVE;
				GCC_WARN_UNUSED_FUNCTION = YES;
				GCC_WARN_UNUSED_VARIABLE = YES;
				IPHONEOS_DEPLOYMENT_TARGET = 16.4;
				MTL_ENABLE_DEBUG_INFO = NO;
				MTL_FAST_MATH = YES;
				SDKROOT = iphoneos;
				SWIFT_COMPILATION_MODE = wholemodule;
				SWIFT_OPTIMIZATION_LEVEL = "-O";
				VALIDATE_PRODUCT = YES;
			};
			name = Release;
		};
		564316E32A0EAFFC00C6BA8F /* Debug */ = {
			isa = XCBuildConfiguration;
			buildSettings = {
				ASSETCATALOG_COMPILER_APPICON_NAME = AppIcon;
				ASSETCATALOG_COMPILER_GLOBAL_ACCENT_COLOR_NAME = AccentColor;
				CODE_SIGN_STYLE = Automatic;
				CURRENT_PROJECT_VERSION = 1;
				DEVELOPMENT_ASSET_PATHS = "\"Time_oClock/Preview Content\"";
				DEVELOPMENT_TEAM = T9PS7UYXRY;
				ENABLE_PREVIEWS = YES;
				GENERATE_INFOPLIST_FILE = YES;
				INFOPLIST_KEY_UIApplicationSceneManifest_Generation = YES;
				INFOPLIST_KEY_UIApplicationSupportsIndirectInputEvents = YES;
				INFOPLIST_KEY_UILaunchScreen_Generation = YES;
				INFOPLIST_KEY_UISupportedInterfaceOrientations_iPad = "UIInterfaceOrientationPortrait UIInterfaceOrientationPortraitUpsideDown UIInterfaceOrientationLandscapeLeft UIInterfaceOrientationLandscapeRight";
				INFOPLIST_KEY_UISupportedInterfaceOrientations_iPhone = "UIInterfaceOrientationPortrait UIInterfaceOrientationLandscapeLeft UIInterfaceOrientationLandscapeRight";
				LD_RUNPATH_SEARCH_PATHS = (
					"$(inherited)",
					"@executable_path/Frameworks",
				);
				MARKETING_VERSION = 1.0;
				PRODUCT_BUNDLE_IDENTIFIER = "E.B..Time-oClock";
				PRODUCT_NAME = "$(TARGET_NAME)";
				SWIFT_EMIT_LOC_STRINGS = YES;
				SWIFT_VERSION = 5.0;
				TARGETED_DEVICE_FAMILY = "1,2";
			};
			name = Debug;
		};
		564316E42A0EAFFC00C6BA8F /* Release */ = {
			isa = XCBuildConfiguration;
			buildSettings = {
				ASSETCATALOG_COMPILER_APPICON_NAME = AppIcon;
				ASSETCATALOG_COMPILER_GLOBAL_ACCENT_COLOR_NAME = AccentColor;
				CODE_SIGN_STYLE = Automatic;
				CURRENT_PROJECT_VERSION = 1;
				DEVELOPMENT_ASSET_PATHS = "\"Time_oClock/Preview Content\"";
				DEVELOPMENT_TEAM = T9PS7UYXRY;
				ENABLE_PREVIEWS = YES;
				GENERATE_INFOPLIST_FILE = YES;
				INFOPLIST_KEY_UIApplicationSceneManifest_Generation = YES;
				INFOPLIST_KEY_UIApplicationSupportsIndirectInputEvents = YES;
				INFOPLIST_KEY_UILaunchScreen_Generation = YES;
				INFOPLIST_KEY_UISupportedInterfaceOrientations_iPad = "UIInterfaceOrientationPortrait UIInterfaceOrientationPortraitUpsideDown UIInterfaceOrientationLandscapeLeft UIInterfaceOrientationLandscapeRight";
				INFOPLIST_KEY_UISupportedInterfaceOrientations_iPhone = "UIInterfaceOrientationPortrait UIInterfaceOrientationLandscapeLeft UIInterfaceOrientationLandscapeRight";
				LD_RUNPATH_SEARCH_PATHS = (
					"$(inherited)",
					"@executable_path/Frameworks",
				);
				MARKETING_VERSION = 1.0;
				PRODUCT_BUNDLE_IDENTIFIER = "E.B..Time-oClock";
				PRODUCT_NAME = "$(TARGET_NAME)";
				SWIFT_EMIT_LOC_STRINGS = YES;
				SWIFT_VERSION = 5.0;
				TARGETED_DEVICE_FAMILY = "1,2";
			};
			name = Release;
		};
		564316E62A0EAFFC00C6BA8F /* Debug */ = {
			isa = XCBuildConfiguration;
			buildSettings = {
				ALWAYS_EMBED_SWIFT_STANDARD_LIBRARIES = YES;
				BUNDLE_LOADER = "$(TEST_HOST)";
				CODE_SIGN_STYLE = Automatic;
				CURRENT_PROJECT_VERSION = 1;
				DEVELOPMENT_TEAM = T9PS7UYXRY;
				GENERATE_INFOPLIST_FILE = YES;
				IPHONEOS_DEPLOYMENT_TARGET = 16.4;
				MARKETING_VERSION = 1.0;
				PRODUCT_BUNDLE_IDENTIFIER = "E.B..Time-oClockTests";
				PRODUCT_NAME = "$(TARGET_NAME)";
				SWIFT_EMIT_LOC_STRINGS = NO;
				SWIFT_VERSION = 5.0;
				TARGETED_DEVICE_FAMILY = "1,2";
				TEST_HOST = "$(BUILT_PRODUCTS_DIR)/Time_oClock.app/$(BUNDLE_EXECUTABLE_FOLDER_PATH)/Time_oClock";
			};
			name = Debug;
		};
		564316E72A0EAFFC00C6BA8F /* Release */ = {
			isa = XCBuildConfiguration;
			buildSettings = {
				ALWAYS_EMBED_SWIFT_STANDARD_LIBRARIES = YES;
				BUNDLE_LOADER = "$(TEST_HOST)";
				CODE_SIGN_STYLE = Automatic;
				CURRENT_PROJECT_VERSION = 1;
				DEVELOPMENT_TEAM = T9PS7UYXRY;
				GENERATE_INFOPLIST_FILE = YES;
				IPHONEOS_DEPLOYMENT_TARGET = 16.4;
				MARKETING_VERSION = 1.0;
				PRODUCT_BUNDLE_IDENTIFIER = "E.B..Time-oClockTests";
				PRODUCT_NAME = "$(TARGET_NAME)";
				SWIFT_EMIT_LOC_STRINGS = NO;
				SWIFT_VERSION = 5.0;
				TARGETED_DEVICE_FAMILY = "1,2";
				TEST_HOST = "$(BUILT_PRODUCTS_DIR)/Time_oClock.app/$(BUNDLE_EXECUTABLE_FOLDER_PATH)/Time_oClock";
			};
			name = Release;
		};
		564316E92A0EAFFC00C6BA8F /* Debug */ = {
			isa = XCBuildConfiguration;
			buildSettings = {
				ALWAYS_EMBED_SWIFT_STANDARD_LIBRARIES = YES;
				CODE_SIGN_STYLE = Automatic;
				CURRENT_PROJECT_VERSION = 1;
				DEVELOPMENT_TEAM = T9PS7UYXRY;
				GENERATE_INFOPLIST_FILE = YES;
				MARKETING_VERSION = 1.0;
				PRODUCT_BUNDLE_IDENTIFIER = "E.B..Time-oClockUITests";
				PRODUCT_NAME = "$(TARGET_NAME)";
				SWIFT_EMIT_LOC_STRINGS = NO;
				SWIFT_VERSION = 5.0;
				TARGETED_DEVICE_FAMILY = "1,2";
				TEST_TARGET_NAME = Time_oClock;
			};
			name = Debug;
		};
		564316EA2A0EAFFC00C6BA8F /* Release */ = {
			isa = XCBuildConfiguration;
			buildSettings = {
				ALWAYS_EMBED_SWIFT_STANDARD_LIBRARIES = YES;
				CODE_SIGN_STYLE = Automatic;
				CURRENT_PROJECT_VERSION = 1;
				DEVELOPMENT_TEAM = T9PS7UYXRY;
				GENERATE_INFOPLIST_FILE = YES;
				MARKETING_VERSION = 1.0;
				PRODUCT_BUNDLE_IDENTIFIER = "E.B..Time-oClockUITests";
				PRODUCT_NAME = "$(TARGET_NAME)";
				SWIFT_EMIT_LOC_STRINGS = NO;
				SWIFT_VERSION = 5.0;
				TARGETED_DEVICE_FAMILY = "1,2";
				TEST_TARGET_NAME = Time_oClock;
			};
			name = Release;
		};
/* End XCBuildConfiguration section */

/* Begin XCConfigurationList section */
		564316B92A0EAFF800C6BA8F /* Build configuration list for PBXProject "Time_oClock" */ = {
			isa = XCConfigurationList;
			buildConfigurations = (
				564316E02A0EAFFC00C6BA8F /* Debug */,
				564316E12A0EAFFC00C6BA8F /* Release */,
			);
			defaultConfigurationIsVisible = 0;
			defaultConfigurationName = Release;
		};
		564316E22A0EAFFC00C6BA8F /* Build configuration list for PBXNativeTarget "Time_oClock" */ = {
			isa = XCConfigurationList;
			buildConfigurations = (
				564316E32A0EAFFC00C6BA8F /* Debug */,
				564316E42A0EAFFC00C6BA8F /* Release */,
			);
			defaultConfigurationIsVisible = 0;
			defaultConfigurationName = Release;
		};
		564316E52A0EAFFC00C6BA8F /* Build configuration list for PBXNativeTarget "Time_oClockTests" */ = {
			isa = XCConfigurationList;
			buildConfigurations = (
				564316E62A0EAFFC00C6BA8F /* Debug */,
				564316E72A0EAFFC00C6BA8F /* Release */,
			);
			defaultConfigurationIsVisible = 0;
			defaultConfigurationName = Release;
		};
		564316E82A0EAFFC00C6BA8F /* Build configuration list for PBXNativeTarget "Time_oClockUITests" */ = {
			isa = XCConfigurationList;
			buildConfigurations = (
				564316E92A0EAFFC00C6BA8F /* Debug */,
				564316EA2A0EAFFC00C6BA8F /* Release */,
			);
			defaultConfigurationIsVisible = 0;
			defaultConfigurationName = Release;
		};
/* End XCConfigurationList section */
	};
	rootObject = 564316B62A0EAFF800C6BA8F /* Project object */;
}
